
Microsoft Visual Studio Solution File, Format Version 12.00
# Visual Studio Version 16
VisualStudioVersion = 16.0.31424.327
MinimumVisualStudioVersion = 10.0.40219.1
Project("{FAE04EC0-301F-11D3-BF4B-00C04F79EFBC}") = "WindowsFormsApp2", "WindowsFormsApp2\WindowsFormsApp2.csproj", "{7A4D8D61-DE59-4B2B-A6A9-F10EF97BBB57}"
EndProject
Global
	GlobalSection(SolutionConfigurationPlatforms) = preSolution
		Debug|Any CPU = Debug|Any CPU
		Release|Any CPU = Release|Any CPU
	EndGlobalSection
	GlobalSection(ProjectConfigurationPlatforms) = postSolution
		{7A4D8D61-DE59-4B2B-A6A9-F10EF97BBB57}.Debug|Any CPU.ActiveCfg = Debug|Any CPU
		{7A4D8D61-DE59-4B2B-A6A9-F10EF97BBB57}.Debug|Any CPU.Build.0 = Debug|Any CPU
		{7A4D8D61-DE59-4B2B-A6A9-F10EF97BBB57}.Release|Any CPU.ActiveCfg = Release|Any CPU
		{7A4D8D61-DE59-4B2B-A6A9-F10EF97BBB57}.Release|Any CPU.Build.0 = Release|Any CPU
	EndGlobalSection
	GlobalSection(SolutionProperties) = preSolution
		HideSolutionNode = FALSE
	EndGlobalSection
	GlobalSection(ExtensibilityGlobals) = postSolution
		SolutionGuid = {68C21B50-0F13-4509-A1A0-CDE97985B167}
	EndGlobalSection
EndGlobal
